
Microsoft Visual Studio Solution File, Format Version 12.00
# Visual Studio Version 16
VisualStudioVersion = 16.0.31321.278
MinimumVisualStudioVersion = 10.0.40219.1
Project("{FAE04EC0-301F-11D3-BF4B-00C04F79EFBC}") = "DoAnTTNT", "DoAnTTNT.csproj", "{89D6216B-C241-42CB-B13B-3A8DF72CD00D}"
EndProject
Global
	GlobalSection(SolutionConfigurationPlatforms) = preSolution
		Debug|Any CPU = Debug|Any CPU
		Release|Any CPU = Release|Any CPU
	EndGlobalSection
	GlobalSection(ProjectConfigurationPlatforms) = postSolution
		{89D6216B-C241-42CB-B13B-3A8DF72CD00D}.Debug|Any CPU.ActiveCfg = Debug|Any CPU
		{89D6216B-C241-42CB-B13B-3A8DF72CD00D}.Debug|Any CPU.Build.0 = Debug|Any CPU
		{89D6216B-C241-42CB-B13B-3A8DF72CD00D}.Release|Any CPU.ActiveCfg = Release|Any CPU
		{89D6216B-C241-42CB-B13B-3A8DF72CD00D}.Release|Any CPU.Build.0 = Release|Any CPU
	EndGlobalSection
	GlobalSection(SolutionProperties) = preSolution
		HideSolutionNode = FALSE
	EndGlobalSection
	GlobalSection(ExtensibilityGlobals) = postSolution
		SolutionGuid = {F5A356FA-A9CF-4ABC-BE48-CC1D6149A61C}
	EndGlobalSection
EndGlobal
